
Microsoft Visual Studio Solution File, Format Version 12.00
# Visual Studio Version 17
VisualStudioVersion = 17.11.35219.272
MinimumVisualStudioVersion = 10.0.40219.1
Project("{FAE04EC0-301F-11D3-BF4B-00C04F79EFBC}") = "Learn .NET MAUI", "Learn .NET MAUI.csproj", "{44FAB921-BCDC-4453-82CB-5495CB70AB1E}"
EndProject
Global
	GlobalSection(SolutionConfigurationPlatforms) = preSolution
		Debug|Any CPU = Debug|Any CPU
		Release|Any CPU = Release|Any CPU
	EndGlobalSection
	GlobalSection(ProjectConfigurationPlatforms) = postSolution
		{44FAB921-BCDC-4453-82CB-5495CB70AB1E}.Debug|Any CPU.ActiveCfg = Debug|Any CPU
		{44FAB921-BCDC-4453-82CB-5495CB70AB1E}.Debug|Any CPU.Build.0 = Debug|Any CPU
		{44FAB921-BCDC-4453-82CB-5495CB70AB1E}.Debug|Any CPU.Deploy.0 = Debug|Any CPU
		{44FAB921-BCDC-4453-82CB-5495CB70AB1E}.Release|Any CPU.ActiveCfg = Release|Any CPU
		{44FAB921-BCDC-4453-82CB-5495CB70AB1E}.Release|Any CPU.Build.0 = Release|Any CPU
		{44FAB921-BCDC-4453-82CB-5495CB70AB1E}.Release|Any CPU.Deploy.0 = Release|Any CPU
	EndGlobalSection
	GlobalSection(SolutionProperties) = preSolution
		HideSolutionNode = FALSE
	EndGlobalSection
	GlobalSection(ExtensibilityGlobals) = postSolution
		SolutionGuid = {97843310-F587-4ED7-B67E-5525D267AABF}
	EndGlobalSection
EndGlobal
